
Microsoft Visual Studio Solution File, Format Version 12.00
Project("{FAE04EC0-301F-11D3-BF4B-00C04F79EFBC}") = "Praxos.Api", "Praxos.Api\Praxos.Api.csproj", "{D946DDD2-787E-4E10-A416-FE9C0999E560}"
EndProject
Project("{FAE04EC0-301F-11D3-BF4B-00C04F79EFBC}") = "Praxos.Application", "Praxos.Application\Praxos.Application.csproj", "{9EE5627D-9C7A-490C-9169-6B5C7A8112C6}"
EndProject
Project("{FAE04EC0-301F-11D3-BF4B-00C04F79EFBC}") = "Praxos.Persistence", "Praxos.Persistence\Praxos.Persistence.csproj", "{216AAD1C-0309-4E66-BA4D-D267C638DFA0}"
EndProject
Project("{FAE04EC0-301F-11D3-BF4B-00C04F79EFBC}") = "PraxosTest.PersistenceTest", "PraxosTest.PersistenceTest\PraxosTest.PersistenceTest.csproj", "{83304CD2-ABBA-4B88-AD98-93E9C5EE5254}"
EndProject
Project("{FAE04EC0-301F-11D3-BF4B-00C04F79EFBC}") = "Praxos.WebApp", "Praxos.WebApp\Praxos.WebApp.csproj", "{C5572C66-1211-4614-8D2E-61318EC1A4D6}"
EndProject
Global
	GlobalSection(SolutionConfigurationPlatforms) = preSolution
		Debug|Any CPU = Debug|Any CPU
		Release|Any CPU = Release|Any CPU
	EndGlobalSection
	GlobalSection(ProjectConfigurationPlatforms) = postSolution
		{D946DDD2-787E-4E10-A416-FE9C0999E560}.Debug|Any CPU.ActiveCfg = Debug|Any CPU
		{D946DDD2-787E-4E10-A416-FE9C0999E560}.Debug|Any CPU.Build.0 = Debug|Any CPU
		{D946DDD2-787E-4E10-A416-FE9C0999E560}.Release|Any CPU.ActiveCfg = Release|Any CPU
		{D946DDD2-787E-4E10-A416-FE9C0999E560}.Release|Any CPU.Build.0 = Release|Any CPU
		{9EE5627D-9C7A-490C-9169-6B5C7A8112C6}.Debug|Any CPU.ActiveCfg = Debug|Any CPU
		{9EE5627D-9C7A-490C-9169-6B5C7A8112C6}.Debug|Any CPU.Build.0 = Debug|Any CPU
		{9EE5627D-9C7A-490C-9169-6B5C7A8112C6}.Release|Any CPU.ActiveCfg = Release|Any CPU
		{9EE5627D-9C7A-490C-9169-6B5C7A8112C6}.Release|Any CPU.Build.0 = Release|Any CPU
		{216AAD1C-0309-4E66-BA4D-D267C638DFA0}.Debug|Any CPU.ActiveCfg = Debug|Any CPU
		{216AAD1C-0309-4E66-BA4D-D267C638DFA0}.Debug|Any CPU.Build.0 = Debug|Any CPU
		{216AAD1C-0309-4E66-BA4D-D267C638DFA0}.Release|Any CPU.ActiveCfg = Release|Any CPU
		{216AAD1C-0309-4E66-BA4D-D267C638DFA0}.Release|Any CPU.Build.0 = Release|Any CPU
		{83304CD2-ABBA-4B88-AD98-93E9C5EE5254}.Debug|Any CPU.ActiveCfg = Debug|Any CPU
		{83304CD2-ABBA-4B88-AD98-93E9C5EE5254}.Debug|Any CPU.Build.0 = Debug|Any CPU
		{83304CD2-ABBA-4B88-AD98-93E9C5EE5254}.Release|Any CPU.ActiveCfg = Release|Any CPU
		{83304CD2-ABBA-4B88-AD98-93E9C5EE5254}.Release|Any CPU.Build.0 = Release|Any CPU
		{C5572C66-1211-4614-8D2E-61318EC1A4D6}.Debug|Any CPU.ActiveCfg = Debug|Any CPU
		{C5572C66-1211-4614-8D2E-61318EC1A4D6}.Debug|Any CPU.Build.0 = Debug|Any CPU
		{C5572C66-1211-4614-8D2E-61318EC1A4D6}.Release|Any CPU.ActiveCfg = Release|Any CPU
		{C5572C66-1211-4614-8D2E-61318EC1A4D6}.Release|Any CPU.Build.0 = Release|Any CPU
	EndGlobalSection
EndGlobal
